# This file is automatically @generated by Cargo.
# It is not intended for manual editing.
version = 4

[[package]]
name = "jsonc-parser"
version = "0.34.0"
source = "registry+https://github.com/rust-lang/crates.io-index"
checksum = "0ecded084f9b9a718d39668a42657c32253663d1f6afb3fbb9134f0305f73f48"

[[package]]
name = "nsis-json"
version = "0.1.0"
dependencies = [
 "jsonc-parser",
 "nsis-plugin",
]

[[package]]
name = "nsis-plugin"
version = "0.1.0"
source = "registry+https://github.com/rust-lang/crates.io-index"
checksum = "b5fb67e9421af778f62f757a98e4b9bfe2f153c57dfcec30cba861b9a2f93da5"
